
Microsoft Visual Studio Solution File, Format Version 12.00
# Visual Studio 14
VisualStudioVersion = 14.0.25420.1
MinimumVisualStudioVersion = 10.0.40219.1
Project("{FAE04EC0-301F-11D3-BF4B-00C04F79EFBC}") = "App.Dominio", "App.Dominio\App.Dominio.csproj", "{4329496C-B736-4463-BFDF-450B4DEB5E81}"
EndProject
Project("{FAE04EC0-301F-11D3-BF4B-00C04F79EFBC}") = "App.InfraEstrutura", "App.InfraEstrutura\App.InfraEstrutura.csproj", "{2895982A-6D42-45E1-AC85-5C550F50E496}"
EndProject
Project("{FAE04EC0-301F-11D3-BF4B-00C04F79EFBC}") = "App.Repositorio", "App.Repositorio\App.Repositorio.csproj", "{926A5017-764B-40B4-96C9-304C3BEA1975}"
EndProject
Project("{FAE04EC0-301F-11D3-BF4B-00C04F79EFBC}") = "System.Linq.Dynamic", "System.Linq.Dynamic\System.Linq.Dynamic.csproj", "{17C0D5DE-C72D-4A06-A12C-445EBCF3B9EA}"
EndProject
Project("{FAE04EC0-301F-11D3-BF4B-00C04F79EFBC}") = "App.Servico", "App.Servico\App.Servico.csproj", "{1AA5103B-CCD0-49D1-A9EF-0741283AE958}"
EndProject
Project("{FAE04EC0-301F-11D3-BF4B-00C04F79EFBC}") = "App.wfa", "App.wfa\App.wfa.csproj", "{0452A9BB-F5B4-49BB-9DA9-3E4F24505DC9}"
EndProject
Project("{FAE04EC0-301F-11D3-BF4B-00C04F79EFBC}") = "App.Comunicacao", "App.Comunicacao\App.Comunicacao.csproj", "{AC867AD8-C709-40CE-9142-149A463F3BDF}"
EndProject
Project("{FAE04EC0-301F-11D3-BF4B-00C04F79EFBC}") = "App.DTO", "App.DTO\App.DTO.csproj", "{6FE0D366-F965-4D68-ACD7-8EB8B31A0766}"
EndProject
Project("{FAE04EC0-301F-11D3-BF4B-00C04F79EFBC}") = "App.Library", "App.Library\App.Library.csproj", "{D9CCC198-2EDF-4752-9593-0A5664B76607}"
EndProject
Project("{FAE04EC0-301F-11D3-BF4B-00C04F79EFBC}") = "App.CA", "App.CA\App.CA.csproj", "{34CCF2FB-8FB5-4FC6-A6CC-EBEAA9BF991B}"
EndProject
Global
	GlobalSection(SolutionConfigurationPlatforms) = preSolution
		Debug|Any CPU = Debug|Any CPU
		Release|Any CPU = Release|Any CPU
	EndGlobalSection
	GlobalSection(ProjectConfigurationPlatforms) = postSolution
		{4329496C-B736-4463-BFDF-450B4DEB5E81}.Debug|Any CPU.ActiveCfg = Debug|Any CPU
		{4329496C-B736-4463-BFDF-450B4DEB5E81}.Debug|Any CPU.Build.0 = Debug|Any CPU
		{4329496C-B736-4463-BFDF-450B4DEB5E81}.Release|Any CPU.ActiveCfg = Release|Any CPU
		{4329496C-B736-4463-BFDF-450B4DEB5E81}.Release|Any CPU.Build.0 = Release|Any CPU
		{2895982A-6D42-45E1-AC85-5C550F50E496}.Debug|Any CPU.ActiveCfg = Debug|Any CPU
		{2895982A-6D42-45E1-AC85-5C550F50E496}.Debug|Any CPU.Build.0 = Debug|Any CPU
		{2895982A-6D42-45E1-AC85-5C550F50E496}.Release|Any CPU.ActiveCfg = Release|Any CPU
		{2895982A-6D42-45E1-AC85-5C550F50E496}.Release|Any CPU.Build.0 = Release|Any CPU
		{926A5017-764B-40B4-96C9-304C3BEA1975}.Debug|Any CPU.ActiveCfg = Debug|Any CPU
		{926A5017-764B-40B4-96C9-304C3BEA1975}.Debug|Any CPU.Build.0 = Debug|Any CPU
		{926A5017-764B-40B4-96C9-304C3BEA1975}.Release|Any CPU.ActiveCfg = Release|Any CPU
		{926A5017-764B-40B4-96C9-304C3BEA1975}.Release|Any CPU.Build.0 = Release|Any CPU
		{17C0D5DE-C72D-4A06-A12C-445EBCF3B9EA}.Debug|Any CPU.ActiveCfg = Debug|Any CPU
		{17C0D5DE-C72D-4A06-A12C-445EBCF3B9EA}.Debug|Any CPU.Build.0 = Debug|Any CPU
		{17C0D5DE-C72D-4A06-A12C-445EBCF3B9EA}.Release|Any CPU.ActiveCfg = Release|Any CPU
		{17C0D5DE-C72D-4A06-A12C-445EBCF3B9EA}.Release|Any CPU.Build.0 = Release|Any CPU
		{1AA5103B-CCD0-49D1-A9EF-0741283AE958}.Debug|Any CPU.ActiveCfg = Debug|Any CPU
		{1AA5103B-CCD0-49D1-A9EF-0741283AE958}.Debug|Any CPU.Build.0 = Debug|Any CPU
		{1AA5103B-CCD0-49D1-A9EF-0741283AE958}.Release|Any CPU.ActiveCfg = Release|Any CPU
		{1AA5103B-CCD0-49D1-A9EF-0741283AE958}.Release|Any CPU.Build.0 = Release|Any CPU
		{0452A9BB-F5B4-49BB-9DA9-3E4F24505DC9}.Debug|Any CPU.ActiveCfg = Debug|Any CPU
		{0452A9BB-F5B4-49BB-9DA9-3E4F24505DC9}.Debug|Any CPU.Build.0 = Debug|Any CPU
		{0452A9BB-F5B4-49BB-9DA9-3E4F24505DC9}.Release|Any CPU.ActiveCfg = Release|Any CPU
		{0452A9BB-F5B4-49BB-9DA9-3E4F24505DC9}.Release|Any CPU.Build.0 = Release|Any CPU
		{AC867AD8-C709-40CE-9142-149A463F3BDF}.Debug|Any CPU.ActiveCfg = Debug|Any CPU
		{AC867AD8-C709-40CE-9142-149A463F3BDF}.Debug|Any CPU.Build.0 = Debug|Any CPU
		{AC867AD8-C709-40CE-9142-149A463F3BDF}.Release|Any CPU.ActiveCfg = Release|Any CPU
		{AC867AD8-C709-40CE-9142-149A463F3BDF}.Release|Any CPU.Build.0 = Release|Any CPU
		{6FE0D366-F965-4D68-ACD7-8EB8B31A0766}.Debug|Any CPU.ActiveCfg = Debug|Any CPU
		{6FE0D366-F965-4D68-ACD7-8EB8B31A0766}.Debug|Any CPU.Build.0 = Debug|Any CPU
		{6FE0D366-F965-4D68-ACD7-8EB8B31A0766}.Release|Any CPU.ActiveCfg = Release|Any CPU
		{6FE0D366-F965-4D68-ACD7-8EB8B31A0766}.Release|Any CPU.Build.0 = Release|Any CPU
		{D9CCC198-2EDF-4752-9593-0A5664B76607}.Debug|Any CPU.ActiveCfg = Debug|Any CPU
		{D9CCC198-2EDF-4752-9593-0A5664B76607}.Debug|Any CPU.Build.0 = Debug|Any CPU
		{D9CCC198-2EDF-4752-9593-0A5664B76607}.Release|Any CPU.ActiveCfg = Release|Any CPU
		{D9CCC198-2EDF-4752-9593-0A5664B76607}.Release|Any CPU.Build.0 = Release|Any CPU
		{34CCF2FB-8FB5-4FC6-A6CC-EBEAA9BF991B}.Debug|Any CPU.ActiveCfg = Debug|Any CPU
		{34CCF2FB-8FB5-4FC6-A6CC-EBEAA9BF991B}.Debug|Any CPU.Build.0 = Debug|Any CPU
		{34CCF2FB-8FB5-4FC6-A6CC-EBEAA9BF991B}.Release|Any CPU.ActiveCfg = Release|Any CPU
		{34CCF2FB-8FB5-4FC6-A6CC-EBEAA9BF991B}.Release|Any CPU.Build.0 = Release|Any CPU
	EndGlobalSection
	GlobalSection(SolutionProperties) = preSolution
		HideSolutionNode = FALSE
	EndGlobalSection
EndGlobal
